
Microsoft Visual Studio Solution File, Format Version 12.00
# Visual Studio 15
VisualStudioVersion = 15.0.28307.421
MinimumVisualStudioVersion = 10.0.40219.1
Project("{FAE04EC0-301F-11D3-BF4B-00C04F79EFBC}") = "ConsoleApp1", "ConsoleApp1\ConsoleApp1.csproj", "{CBD6260F-44D8-41BF-9F5E-AE20F4A5E6DA}"
EndProject
Global
	GlobalSection(SolutionConfigurationPlatforms) = preSolution
		Debug|Any CPU = Debug|Any CPU
		Release|Any CPU = Release|Any CPU
	EndGlobalSection
	GlobalSection(ProjectConfigurationPlatforms) = postSolution
		{CBD6260F-44D8-41BF-9F5E-AE20F4A5E6DA}.Debug|Any CPU.ActiveCfg = Debug|Any CPU
		{CBD6260F-44D8-41BF-9F5E-AE20F4A5E6DA}.Debug|Any CPU.Build.0 = Debug|Any CPU
		{CBD6260F-44D8-41BF-9F5E-AE20F4A5E6DA}.Release|Any CPU.ActiveCfg = Release|Any CPU
		{CBD6260F-44D8-41BF-9F5E-AE20F4A5E6DA}.Release|Any CPU.Build.0 = Release|Any CPU
	EndGlobalSection
	GlobalSection(SolutionProperties) = preSolution
		HideSolutionNode = FALSE
	EndGlobalSection
	GlobalSection(ExtensibilityGlobals) = postSolution
		SolutionGuid = {033C5FF9-1951-46CA-83A8-2CE60114E10C}
	EndGlobalSection
EndGlobal
